
Microsoft Visual Studio Solution File, Format Version 12.00
# Visual Studio Version 17
VisualStudioVersion = 17.0.31903.59
MinimumVisualStudioVersion = 10.0.40219.1
Project("{FAE04EC0-301F-11D3-BF4B-00C04F79EFBC}") = "task05", "task05\task05.csproj", "{6491C337-1A56-4AC5-8D51-912E58ED5461}"
EndProject
Project("{FAE04EC0-301F-11D3-BF4B-00C04F79EFBC}") = "task05tests", "task05tests\task05tests.csproj", "{C98EA570-F8B5-4EE5-93EC-ED43B55E3DDC}"
EndProject
Global
	GlobalSection(SolutionConfigurationPlatforms) = preSolution
		Debug|Any CPU = Debug|Any CPU
		Release|Any CPU = Release|Any CPU
	EndGlobalSection
	GlobalSection(ProjectConfigurationPlatforms) = postSolution
		{6491C337-1A56-4AC5-8D51-912E58ED5461}.Debug|Any CPU.ActiveCfg = Debug|Any CPU
		{6491C337-1A56-4AC5-8D51-912E58ED5461}.Debug|Any CPU.Build.0 = Debug|Any CPU
		{6491C337-1A56-4AC5-8D51-912E58ED5461}.Release|Any CPU.ActiveCfg = Release|Any CPU
		{6491C337-1A56-4AC5-8D51-912E58ED5461}.Release|Any CPU.Build.0 = Release|Any CPU
		{C98EA570-F8B5-4EE5-93EC-ED43B55E3DDC}.Debug|Any CPU.ActiveCfg = Debug|Any CPU
		{C98EA570-F8B5-4EE5-93EC-ED43B55E3DDC}.Debug|Any CPU.Build.0 = Debug|Any CPU
		{C98EA570-F8B5-4EE5-93EC-ED43B55E3DDC}.Release|Any CPU.ActiveCfg = Release|Any CPU
		{C98EA570-F8B5-4EE5-93EC-ED43B55E3DDC}.Release|Any CPU.Build.0 = Release|Any CPU
	EndGlobalSection
	GlobalSection(SolutionProperties) = preSolution
		HideSolutionNode = FALSE
	EndGlobalSection
	GlobalSection(ExtensibilityGlobals) = postSolution
		SolutionGuid = {031381F9-89D6-4091-9ABD-15838535AE6F}
	EndGlobalSection
EndGlobal
